
Microsoft Visual Studio Solution File, Format Version 12.00
# Visual Studio Version 17
VisualStudioVersion = 17.1.32407.343
MinimumVisualStudioVersion = 10.0.40219.1
Project("{FAE04EC0-301F-11D3-BF4B-00C04F79EFBC}") = "Lab6-AdrianaAH-JonathanRM", "Lab6-AdrianaAH-JonathanRM\Lab6-AdrianaAH-JonathanRM.csproj", "{37EAE136-BB63-406F-8ED0-4207B0869A0B}"
EndProject
Global
	GlobalSection(SolutionConfigurationPlatforms) = preSolution
		Debug|Any CPU = Debug|Any CPU
		Release|Any CPU = Release|Any CPU
	EndGlobalSection
	GlobalSection(ProjectConfigurationPlatforms) = postSolution
		{37EAE136-BB63-406F-8ED0-4207B0869A0B}.Debug|Any CPU.ActiveCfg = Debug|Any CPU
		{37EAE136-BB63-406F-8ED0-4207B0869A0B}.Debug|Any CPU.Build.0 = Debug|Any CPU
		{37EAE136-BB63-406F-8ED0-4207B0869A0B}.Release|Any CPU.ActiveCfg = Release|Any CPU
		{37EAE136-BB63-406F-8ED0-4207B0869A0B}.Release|Any CPU.Build.0 = Release|Any CPU
	EndGlobalSection
	GlobalSection(SolutionProperties) = preSolution
		HideSolutionNode = FALSE
	EndGlobalSection
	GlobalSection(ExtensibilityGlobals) = postSolution
		SolutionGuid = {6E113AE2-7601-4988-8908-CC391B781500}
	EndGlobalSection
EndGlobal
